// !$*UTF8*$!
{
	archiveVersion = 1;
	classes = {
	};
	objectVersion = 56;
	objects = {

/* Begin PBXBuildFile section */
		357A52582AF390D90006AA39 /* GTVideoViewController.m in Sources */ = {isa = PBXBuildFile; fileRef = 357A52512AF390D90006AA39 /* GTVideoViewController.m */; };
		357A52592AF390D90006AA39 /* GTVideoCoverView.m in Sources */ = {isa = PBXBuildFile; fileRef = 357A52552AF390D90006AA39 /* GTVideoCoverView.m */; };
		357A525A2AF390D90006AA39 /* GTVideoPlayer.m in Sources */ = {isa = PBXBuildFile; fileRef = 357A52562AF390D90006AA39 /* GTVideoPlayer.m */; };
		357A525B2AF390D90006AA39 /* GTVideoToolbar.m in Sources */ = {isa = PBXBuildFile; fileRef = 357A52572AF390D90006AA39 /* GTVideoToolbar.m */; };
		357A52642AF395A10006AA39 /* icon.bundle in Resources */ = {isa = PBXBuildFile; fileRef = 357A52632AF395A10006AA39 /* icon.bundle */; };
		357A52672AF395F80006AA39 /* GTScreen.m in Sources */ = {isa = PBXBuildFile; fileRef = 357A52662AF395F80006AA39 /* GTScreen.m */; };
		35A6CABA2AEB56100047C682 /* AppDelegate.m in Sources */ = {isa = PBXBuildFile; fileRef = 35A6CAB92AEB56100047C682 /* AppDelegate.m */; };
		35A6CABD2AEB56100047C682 /* SceneDelegate.m in Sources */ = {isa = PBXBuildFile; fileRef = 35A6CABC2AEB56100047C682 /* SceneDelegate.m */; };
		35A6CAC02AEB56100047C682 /* ViewController.m in Sources */ = {isa = PBXBuildFile; fileRef = 35A6CABF2AEB56100047C682 /* ViewController.m */; };
		35A6CAC52AEB56110047C682 /* Assets.xcassets in Resources */ = {isa = PBXBuildFile; fileRef = 35A6CAC42AEB56110047C682 /* Assets.xcassets */; };
		35A6CAC82AEB56110047C682 /* LaunchScreen.storyboard in Resources */ = {isa = PBXBuildFile; fileRef = 35A6CAC62AEB56110047C682 /* LaunchScreen.storyboard */; };
		35A6CACB2AEB56110047C682 /* main.m in Sources */ = {isa = PBXBuildFile; fileRef = 35A6CACA2AEB56110047C682 /* main.m */; };
/* End PBXBuildFile section */

/* Begin PBXFileReference section */
		357A52502AF390D90006AA39 /* GTVideoCoverView.h */ = {isa = PBXFileReference; fileEncoding = 4; lastKnownFileType = sourcecode.c.h; path = GTVideoCoverView.h; sourceTree = "<group>"; };
		357A52512AF390D90006AA39 /* GTVideoViewController.m */ = {isa = PBXFileReference; fileEncoding = 4; lastKnownFileType = sourcecode.c.objc; path = GTVideoViewController.m; sourceTree = "<group>"; };
		357A52522AF390D90006AA39 /* GTVideoViewController.h */ = {isa = PBXFileReference; fileEncoding = 4; lastKnownFileType = sourcecode.c.h; path = GTVideoViewController.h; sourceTree = "<group>"; };
		357A52532AF390D90006AA39 /* GTVideoPlayer.h */ = {isa = PBXFileReference; fileEncoding = 4; lastKnownFileType = sourcecode.c.h; path = GTVideoPlayer.h; sourceTree = "<group>"; };
		357A52542AF390D90006AA39 /* GTVideoToolbar.h */ = {isa = PBXFileReference; fileEncoding = 4; lastKnownFileType = sourcecode.c.h; path = GTVideoToolbar.h; sourceTree = "<group>"; };
		357A52552AF390D90006AA39 /* GTVideoCoverView.m */ = {isa = PBXFileReference; fileEncoding = 4; lastKnownFileType = sourcecode.c.objc; path = GTVideoCoverView.m; sourceTree = "<group>"; };
		357A52562AF390D90006AA39 /* GTVideoPlayer.m */ = {isa = PBXFileReference; fileEncoding = 4; lastKnownFileType = sourcecode.c.objc; path = GTVideoPlayer.m; sourceTree = "<group>"; };
		357A52572AF390D90006AA39 /* GTVideoToolbar.m */ = {isa = PBXFileReference; fileEncoding = 4; lastKnownFileType = sourcecode.c.objc; path = GTVideoToolbar.m; sourceTree = "<group>"; };
		357A52632AF395A10006AA39 /* icon.bundle */ = {isa = PBXFileReference; lastKnownFileType = "wrapper.plug-in"; path = icon.bundle; sourceTree = "<group>"; };
		357A52652AF395F80006AA39 /* GTScreen.h */ = {isa = PBXFileReference; fileEncoding = 4; lastKnownFileType = sourcecode.c.h; path = GTScreen.h; sourceTree = "<group>"; };
		357A52662AF395F80006AA39 /* GTScreen.m */ = {isa = PBXFileReference; fileEncoding = 4; lastKnownFileType = sourcecode.c.objc; path = GTScreen.m; sourceTree = "<group>"; };
		35A6CAB52AEB56100047C682 /* videoplayerdemo.app */ = {isa = PBXFileReference; explicitFileType = wrapper.application; includeInIndex = 0; path = videoplayerdemo.app; sourceTree = BUILT_PRODUCTS_DIR; };
		35A6CAB82AEB56100047C682 /* AppDelegate.h */ = {isa = PBXFileReference; lastKnownFileType = sourcecode.c.h; path = AppDelegate.h; sourceTree = "<group>"; };
		35A6CAB92AEB56100047C682 /* AppDelegate.m */ = {isa = PBXFileReference; lastKnownFileType = sourcecode.c.objc; path = AppDelegate.m; sourceTree = "<group>"; };
		35A6CABB2AEB56100047C682 /* SceneDelegate.h */ = {isa = PBXFileReference; lastKnownFileType = sourcecode.c.h; path = SceneDelegate.h; sourceTree = "<group>"; };
		35A6CABC2AEB56100047C682 /* SceneDelegate.m */ = {isa = PBXFileReference; lastKnownFileType = sourcecode.c.objc; path = SceneDelegate.m; sourceTree = "<group>"; };
		35A6CABE2AEB56100047C682 /* ViewController.h */ = {isa = PBXFileReference; lastKnownFileType = sourcecode.c.h; path = ViewController.h; sourceTree = "<group>"; };
		35A6CABF2AEB56100047C682 /* ViewController.m */ = {isa = PBXFileReference; lastKnownFileType = sourcecode.c.objc; path = ViewController.m; sourceTree = "<group>"; };
		35A6CAC42AEB56110047C682 /* Assets.xcassets */ = {isa = PBXFileReference; lastKnownFileType = folder.assetcatalog; path = Assets.xcassets; sourceTree = "<group>"; };
		35A6CAC72AEB56110047C682 /* Base */ = {isa = PBXFileReference; lastKnownFileType = file.storyboard; name = Base; path = Base.lproj/LaunchScreen.storyboard; sourceTree = "<group>"; };
		35A6CAC92AEB56110047C682 /* Info.plist */ = {isa = PBXFileReference; lastKnownFileType = text.plist.xml; path = Info.plist; sourceTree = "<group>"; };
		35A6CACA2AEB56110047C682 /* main.m */ = {isa = PBXFileReference; lastKnownFileType = sourcecode.c.objc; path = main.m; sourceTree = "<group>"; };
/* End PBXFileReference section */

/* Begin PBXFrameworksBuildPhase section */
		35A6CAB22AEB56100047C682 /* Frameworks */ = {
			isa = PBXFrameworksBuildPhase;
			buildActionMask = 2147483647;
			files = (
			);
			runOnlyForDeploymentPostprocessing = 0;
		};
/* End PBXFrameworksBuildPhase section */

/* Begin PBXGroup section */
		357A524F2AF390B10006AA39 /* VideoController */ = {
			isa = PBXGroup;
			children = (
				357A52502AF390D90006AA39 /* GTVideoCoverView.h */,
				357A52552AF390D90006AA39 /* GTVideoCoverView.m */,
				357A52532AF390D90006AA39 /* GTVideoPlayer.h */,
				357A52562AF390D90006AA39 /* GTVideoPlayer.m */,
				357A52542AF390D90006AA39 /* GTVideoToolbar.h */,
				357A52572AF390D90006AA39 /* GTVideoToolbar.m */,
				357A52522AF390D90006AA39 /* GTVideoViewController.h */,
				357A52512AF390D90006AA39 /* GTVideoViewController.m */,
			);
			path = VideoController;
			sourceTree = "<group>";
		};
		357A525C2AF392D10006AA39 /* Utils */ = {
			isa = PBXGroup;
			children = (
				357A52652AF395F80006AA39 /* GTScreen.h */,
				357A52662AF395F80006AA39 /* GTScreen.m */,
			);
			path = Utils;
			sourceTree = "<group>";
		};
		35A6CAAC2AEB56100047C682 = {
			isa = PBXGroup;
			children = (
				35A6CAB72AEB56100047C682 /* videoplayerdemo */,
				35A6CAB62AEB56100047C682 /* Products */,
			);
			sourceTree = "<group>";
		};
		35A6CAB62AEB56100047C682 /* Products */ = {
			isa = PBXGroup;
			children = (
				35A6CAB52AEB56100047C682 /* videoplayerdemo.app */,
			);
			name = Products;
			sourceTree = "<group>";
		};
		35A6CAB72AEB56100047C682 /* videoplayerdemo */ = {
			isa = PBXGroup;
			children = (
				357A52632AF395A10006AA39 /* icon.bundle */,
				357A525C2AF392D10006AA39 /* Utils */,
				357A524F2AF390B10006AA39 /* VideoController */,
				35A6CAB82AEB56100047C682 /* AppDelegate.h */,
				35A6CAB92AEB56100047C682 /* AppDelegate.m */,
				35A6CABB2AEB56100047C682 /* SceneDelegate.h */,
				35A6CABC2AEB56100047C682 /* SceneDelegate.m */,
				35A6CABE2AEB56100047C682 /* ViewController.h */,
				35A6CABF2AEB56100047C682 /* ViewController.m */,
				35A6CAC42AEB56110047C682 /* Assets.xcassets */,
				35A6CAC62AEB56110047C682 /* LaunchScreen.storyboard */,
				35A6CAC92AEB56110047C682 /* Info.plist */,
				35A6CACA2AEB56110047C682 /* main.m */,
			);
			path = videoplayerdemo;
			sourceTree = "<group>";
		};
/* End PBXGroup section */

/* Begin PBXNativeTarget section */
		35A6CAB42AEB56100047C682 /* videoplayerdemo */ = {
			isa = PBXNativeTarget;
			buildConfigurationList = 35A6CACE2AEB56110047C682 /* Build configuration list for PBXNativeTarget "videoplayerdemo" */;
			buildPhases = (
				35A6CAB12AEB56100047C682 /* Sources */,
				35A6CAB22AEB56100047C682 /* Frameworks */,
				35A6CAB32AEB56100047C682 /* Resources */,
			);
			buildRules = (
			);
			dependencies = (
			);
			name = videoplayerdemo;
			productName = videoplayerdemo;
			productReference = 35A6CAB52AEB56100047C682 /* videoplayerdemo.app */;
			productType = "com.apple.product-type.application";
		};
/* End PBXNativeTarget section */

/* Begin PBXProject section */
		35A6CAAD2AEB56100047C682 /* Project object */ = {
			isa = PBXProject;
			attributes = {
				BuildIndependentTargetsInParallel = 1;
				LastUpgradeCheck = 1430;
				TargetAttributes = {
					35A6CAB42AEB56100047C682 = {
						CreatedOnToolsVersion = 14.3.1;
					};
				};
			};
			buildConfigurationList = 35A6CAB02AEB56100047C682 /* Build configuration list for PBXProject "videoplayerdemo" */;
			compatibilityVersion = "Xcode 14.0";
			developmentRegion = en;
			hasScannedForEncodings = 0;
			knownRegions = (
				en,
				Base,
			);
			mainGroup = 35A6CAAC2AEB56100047C682;
			productRefGroup = 35A6CAB62AEB56100047C682 /* Products */;
			projectDirPath = "";
			projectRoot = "";
			targets = (
				35A6CAB42AEB56100047C682 /* videoplayerdemo */,
			);
		};
/* End PBXProject section */

/* Begin PBXResourcesBuildPhase section */
		35A6CAB32AEB56100047C682 /* Resources */ = {
			isa = PBXResourcesBuildPhase;
			buildActionMask = 2147483647;
			files = (
				35A6CAC82AEB56110047C682 /* LaunchScreen.storyboard in Resources */,
				35A6CAC52AEB56110047C682 /* Assets.xcassets in Resources */,
				357A52642AF395A10006AA39 /* icon.bundle in Resources */,
			);
			runOnlyForDeploymentPostprocessing = 0;
		};
/* End PBXResourcesBuildPhase section */

/* Begin PBXSourcesBuildPhase section */
		35A6CAB12AEB56100047C682 /* Sources */ = {
			isa = PBXSourcesBuildPhase;
			buildActionMask = 2147483647;
			files = (
				357A52672AF395F80006AA39 /* GTScreen.m in Sources */,
				357A525B2AF390D90006AA39 /* GTVideoToolbar.m in Sources */,
				357A525A2AF390D90006AA39 /* GTVideoPlayer.m in Sources */,
				35A6CAC02AEB56100047C682 /* ViewController.m in Sources */,
				357A52592AF390D90006AA39 /* GTVideoCoverView.m in Sources */,
				357A52582AF390D90006AA39 /* GTVideoViewController.m in Sources */,
				35A6CABA2AEB56100047C682 /* AppDelegate.m in Sources */,
				35A6CACB2AEB56110047C682 /* main.m in Sources */,
				35A6CABD2AEB56100047C682 /* SceneDelegate.m in Sources */,
			);
			runOnlyForDeploymentPostprocessing = 0;
		};
/* End PBXSourcesBuildPhase section */

/* Begin PBXVariantGroup section */
		35A6CAC62AEB56110047C682 /* LaunchScreen.storyboard */ = {
			isa = PBXVariantGroup;
			children = (
				35A6CAC72AEB56110047C682 /* Base */,
			);
			name = LaunchScreen.storyboard;
			sourceTree = "<group>";
		};
/* End PBXVariantGroup section */

/* Begin XCBuildConfiguration section */
		35A6CACC2AEB56110047C682 /* Debug */ = {
			isa = XCBuildConfiguration;
			buildSettings = {
				ALWAYS_SEARCH_USER_PATHS = NO;
				CLANG_ANALYZER_NONNULL = YES;
				CLANG_ANALYZER_NUMBER_OBJECT_CONVERSION = YES_AGGRESSIVE;
				CLANG_CXX_LANGUAGE_STANDARD = "gnu++20";
				CLANG_ENABLE_MODULES = YES;
				CLANG_ENABLE_OBJC_ARC = YES;
				CLANG_ENABLE_OBJC_WEAK = YES;
				CLANG_WARN_BLOCK_CAPTURE_AUTORELEASING = YES;
				CLANG_WARN_BOOL_CONVERSION = YES;
				CLANG_WARN_COMMA = YES;
				CLANG_WARN_CONSTANT_CONVERSION = YES;
				CLANG_WARN_DEPRECATED_OBJC_IMPLEMENTATIONS = YES;
				CLANG_WARN_DIRECT_OBJC_ISA_USAGE = YES_ERROR;
				CLANG_WARN_DOCUMENTATION_COMMENTS = YES;
				CLANG_WARN_EMPTY_BODY = YES;
				CLANG_WARN_ENUM_CONVERSION = YES;
				CLANG_WARN_INFINITE_RECURSION = YES;
				CLANG_WARN_INT_CONVERSION = YES;
				CLANG_WARN_NON_LITERAL_NULL_CONVERSION = YES;
				CLANG_WARN_OBJC_IMPLICIT_RETAIN_SELF = YES;
				CLANG_WARN_OBJC_LITERAL_CONVERSION = YES;
				CLANG_WARN_OBJC_ROOT_CLASS = YES_ERROR;
				CLANG_WARN_QUOTED_INCLUDE_IN_FRAMEWORK_HEADER = YES;
				CLANG_WARN_RANGE_LOOP_ANALYSIS = YES;
				CLANG_WARN_STRICT_PROTOTYPES = YES;
				CLANG_WARN_SUSPICIOUS_MOVE = YES;
				CLANG_WARN_UNGUARDED_AVAILABILITY = YES_AGGRESSIVE;
				CLANG_WARN_UNREACHABLE_CODE = YES;
				CLANG_WARN__DUPLICATE_METHOD_MATCH = YES;
				COPY_PHASE_STRIP = NO;
				DEBUG_INFORMATION_FORMAT = dwarf;
				ENABLE_STRICT_OBJC_MSGSEND = YES;
				ENABLE_TESTABILITY = YES;
				GCC_C_LANGUAGE_STANDARD = gnu11;
				GCC_DYNAMIC_NO_PIC = NO;
				GCC_NO_COMMON_BLOCKS = YES;
				GCC_OPTIMIZATION_LEVEL = 0;
				GCC_PREPROCESSOR_DEFINITIONS = (
					"DEBUG=1",
					"$(inherited)",
				);
				GCC_WARN_64_TO_32_BIT_CONVERSION = YES;
				GCC_WARN_ABOUT_RETURN_TYPE = YES_ERROR;
				GCC_WARN_UNDECLARED_SELECTOR = YES;
				GCC_WARN_UNINITIALIZED_AUTOS = YES_AGGRESSIVE;
				GCC_WARN_UNUSED_FUNCTION = YES;
				GCC_WARN_UNUSED_VARIABLE = YES;
				IPHONEOS_DEPLOYMENT_TARGET = 16.4;
				MTL_ENABLE_DEBUG_INFO = INCLUDE_SOURCE;
				MTL_FAST_MATH = YES;
				ONLY_ACTIVE_ARCH = YES;
				SDKROOT = iphoneos;
			};
			name = Debug;
		};
		35A6CACD2AEB56110047C682 /* Release */ = {
			isa = XCBuildConfiguration;
			buildSettings = {
				ALWAYS_SEARCH_USER_PATHS = NO;
				CLANG_ANALYZER_NONNULL = YES;
				CLANG_ANALYZER_NUMBER_OBJECT_CONVERSION = YES_AGGRESSIVE;
				CLANG_CXX_LANGUAGE_STANDARD = "gnu++20";
				CLANG_ENABLE_MODULES = YES;
				CLANG_ENABLE_OBJC_ARC = YES;
				CLANG_ENABLE_OBJC_WEAK = YES;
				CLANG_WARN_BLOCK_CAPTURE_AUTORELEASING = YES;
				CLANG_WARN_BOOL_CONVERSION = YES;
				CLANG_WARN_COMMA = YES;
				CLANG_WARN_CONSTANT_CONVERSION = YES;
				CLANG_WARN_DEPRECATED_OBJC_IMPLEMENTATIONS = YES;
				CLANG_WARN_DIRECT_OBJC_ISA_USAGE = YES_ERROR;
				CLANG_WARN_DOCUMENTATION_COMMENTS = YES;
				CLANG_WARN_EMPTY_BODY = YES;
				CLANG_WARN_ENUM_CONVERSION = YES;
				CLANG_WARN_INFINITE_RECURSION = YES;
				CLANG_WARN_INT_CONVERSION = YES;
				CLANG_WARN_NON_LITERAL_NULL_CONVERSION = YES;
				CLANG_WARN_OBJC_IMPLICIT_RETAIN_SELF = YES;
				CLANG_WARN_OBJC_LITERAL_CONVERSION = YES;
				CLANG_WARN_OBJC_ROOT_CLASS = YES_ERROR;
				CLANG_WARN_QUOTED_INCLUDE_IN_FRAMEWORK_HEADER = YES;
				CLANG_WARN_RANGE_LOOP_ANALYSIS = YES;
				CLANG_WARN_STRICT_PROTOTYPES = YES;
				CLANG_WARN_SUSPICIOUS_MOVE = YES;
				CLANG_WARN_UNGUARDED_AVAILABILITY = YES_AGGRESSIVE;
				CLANG_WARN_UNREACHABLE_CODE = YES;
				CLANG_WARN__DUPLICATE_METHOD_MATCH = YES;
				COPY_PHASE_STRIP = NO;
				DEBUG_INFORMATION_FORMAT = "dwarf-with-dsym";
				ENABLE_NS_ASSERTIONS = NO;
				ENABLE_STRICT_OBJC_MSGSEND = YES;
				GCC_C_LANGUAGE_STANDARD = gnu11;
				GCC_NO_COMMON_BLOCKS = YES;
				GCC_WARN_64_TO_32_BIT_CONVERSION = YES;
				GCC_WARN_ABOUT_RETURN_TYPE = YES_ERROR;
				GCC_WARN_UNDECLARED_SELECTOR = YES;
				GCC_WARN_UNINITIALIZED_AUTOS = YES_AGGRESSIVE;
				GCC_WARN_UNUSED_FUNCTION = YES;
				GCC_WARN_UNUSED_VARIABLE = YES;
				IPHONEOS_DEPLOYMENT_TARGET = 16.4;
				MTL_ENABLE_DEBUG_INFO = NO;
				MTL_FAST_MATH = YES;
				SDKROOT = iphoneos;
				VALIDATE_PRODUCT = YES;
			};
			name = Release;
		};
		35A6CACF2AEB56110047C682 /* Debug */ = {
			isa = XCBuildConfiguration;
			buildSettings = {
				ASSETCATALOG_COMPILER_APPICON_NAME = AppIcon;
				ASSETCATALOG_COMPILER_GLOBAL_ACCENT_COLOR_NAME = AccentColor;
				CODE_SIGN_STYLE = Automatic;
				CURRENT_PROJECT_VERSION = 1;
				DEVELOPMENT_TEAM = SF5DCM65RD;
				GENERATE_INFOPLIST_FILE = YES;
				INFOPLIST_FILE = videoplayerdemo/Info.plist;
				INFOPLIST_KEY_UIApplicationSupportsIndirectInputEvents = YES;
				INFOPLIST_KEY_UILaunchStoryboardName = LaunchScreen;
				INFOPLIST_KEY_UIMainStoryboardFile = LaunchScreen;
				INFOPLIST_KEY_UISupportedInterfaceOrientations_iPad = "UIInterfaceOrientationPortrait UIInterfaceOrientationPortraitUpsideDown UIInterfaceOrientationLandscapeLeft UIInterfaceOrientationLandscapeRight";
				INFOPLIST_KEY_UISupportedInterfaceOrientations_iPhone = "UIInterfaceOrientationPortrait UIInterfaceOrientationLandscapeLeft UIInterfaceOrientationLandscapeRight";
				LD_RUNPATH_SEARCH_PATHS = (
					"$(inherited)",
					"@executable_path/Frameworks",
				);
				MARKETING_VERSION = 1.0;
				PRODUCT_BUNDLE_IDENTIFIER = markhe.studio.videoplayerdemo;
				PRODUCT_NAME = "$(TARGET_NAME)";
				SWIFT_EMIT_LOC_STRINGS = YES;
				TARGETED_DEVICE_FAMILY = "1,2";
			};
			name = Debug;
		};
		35A6CAD02AEB56110047C682 /* Release */ = {
			isa = XCBuildConfiguration;
			buildSettings = {
				ASSETCATALOG_COMPILER_APPICON_NAME = AppIcon;
				ASSETCATALOG_COMPILER_GLOBAL_ACCENT_COLOR_NAME = AccentColor;
				CODE_SIGN_STYLE = Automatic;
				CURRENT_PROJECT_VERSION = 1;
				DEVELOPMENT_TEAM = SF5DCM65RD;
				GENERATE_INFOPLIST_FILE = YES;
				INFOPLIST_FILE = videoplayerdemo/Info.plist;
				INFOPLIST_KEY_UIApplicationSupportsIndirectInputEvents = YES;
				INFOPLIST_KEY_UILaunchStoryboardName = LaunchScreen;
				INFOPLIST_KEY_UIMainStoryboardFile = LaunchScreen;
				INFOPLIST_KEY_UISupportedInterfaceOrientations_iPad = "UIInterfaceOrientationPortrait UIInterfaceOrientationPortraitUpsideDown UIInterfaceOrientationLandscapeLeft UIInterfaceOrientationLandscapeRight";
				INFOPLIST_KEY_UISupportedInterfaceOrientations_iPhone = "UIInterfaceOrientationPortrait UIInterfaceOrientationLandscapeLeft UIInterfaceOrientationLandscapeRight";
				LD_RUNPATH_SEARCH_PATHS = (
					"$(inherited)",
					"@executable_path/Frameworks",
				);
				MARKETING_VERSION = 1.0;
				PRODUCT_BUNDLE_IDENTIFIER = markhe.studio.videoplayerdemo;
				PRODUCT_NAME = "$(TARGET_NAME)";
				SWIFT_EMIT_LOC_STRINGS = YES;
				TARGETED_DEVICE_FAMILY = "1,2";
			};
			name = Release;
		};
/* End XCBuildConfiguration section */

/* Begin XCConfigurationList section */
		35A6CAB02AEB56100047C682 /* Build configuration list for PBXProject "videoplayerdemo" */ = {
			isa = XCConfigurationList;
			buildConfigurations = (
				35A6CACC2AEB56110047C682 /* Debug */,
				35A6CACD2AEB56110047C682 /* Release */,
			);
			defaultConfigurationIsVisible = 0;
			defaultConfigurationName = Release;
		};
		35A6CACE2AEB56110047C682 /* Build configuration list for PBXNativeTarget "videoplayerdemo" */ = {
			isa = XCConfigurationList;
			buildConfigurations = (
				35A6CACF2AEB56110047C682 /* Debug */,
				35A6CAD02AEB56110047C682 /* Release */,
			);
			defaultConfigurationIsVisible = 0;
			defaultConfigurationName = Release;
		};
/* End XCConfigurationList section */
	};
	rootObject = 35A6CAAD2AEB56100047C682 /* Project object */;
}
